
Microsoft Visual Studio Solution File, Format Version 12.00
# Visual Studio 15
VisualStudioVersion = 15.0.28307.1022
MinimumVisualStudioVersion = 10.0.40219.1
Project("{8BC9CEB8-8B4A-11D0-8D11-00A0C91BC942}") = "Framework", "Framework\Framework.vcxproj", "{65687949-3D84-485F-AB77-E8B6B0F7ADC0}"
EndProject
Project("{8BC9CEB8-8B4A-11D0-8D11-00A0C91BC942}") = "UnitTest", "UnitTest\UnitTest.vcxproj", "{6EC3F261-4985-4CEF-80B1-9F64EA24786D}"
	ProjectSection(ProjectDependencies) = postProject
		{65687949-3D84-485F-AB77-E8B6B0F7ADC0} = {65687949-3D84-485F-AB77-E8B6B0F7ADC0}
	EndProjectSection
EndProject
Project("{2150E333-8FDC-42A3-9474-1A3956D46DE8}") = "_Shaders", "_Shaders", "{EDA7A9A9-CDA4-4BCA-9322-6E2FE11FB75D}"
	ProjectSection(SolutionItems) = preProject
		..\_Shaders\00_Global.fx = ..\_Shaders\00_Global.fx
		..\_Shaders\00_Light.fx = ..\_Shaders\00_Light.fx
		..\_Shaders\00_Render.fx = ..\_Shaders\00_Render.fx
		..\_Shaders\00_Terrain.fx = ..\_Shaders\00_Terrain.fx
		..\_Shaders\24_Render2D.fx = ..\_Shaders\24_Render2D.fx
		..\_Shaders\24_Texture.fx = ..\_Shaders\24_Texture.fx
		..\_Shaders\34_PointLights.fx = ..\_Shaders\34_PointLights.fx
		..\_Shaders\34_SpotLights.fx = ..\_Shaders\34_SpotLights.fx
		..\_Shaders\38_Particle.fx = ..\_Shaders\38_Particle.fx
		..\_Shaders\38_Trail.fx = ..\_Shaders\38_Trail.fx
		..\_Shaders\48_Shadow.fx = ..\_Shaders\48_Shadow.fx
	EndProjectSection
EndProject
Project("{8BC9CEB8-8B4A-11D0-8D11-00A0C91BC942}") = "ModelEditor", "ModelEditor\ModelEditor.vcxproj", "{14B9ACAF-C45A-4740-A1EA-6C333EA9D49D}"
	ProjectSection(ProjectDependencies) = postProject
		{65687949-3D84-485F-AB77-E8B6B0F7ADC0} = {65687949-3D84-485F-AB77-E8B6B0F7ADC0}
	EndProjectSection
EndProject
Project("{8BC9CEB8-8B4A-11D0-8D11-00A0C91BC942}") = "Portfolio", "Portfolio\Portfolio.vcxproj", "{B3B9AD1E-77CE-46CF-95C7-CDA6E5799308}"
	ProjectSection(ProjectDependencies) = postProject
		{65687949-3D84-485F-AB77-E8B6B0F7ADC0} = {65687949-3D84-485F-AB77-E8B6B0F7ADC0}
	EndProjectSection
EndProject
Project("{8BC9CEB8-8B4A-11D0-8D11-00A0C91BC942}") = "ParticleEditor", "ParticleEditor\ParticleEditor.vcxproj", "{8702A291-EB51-421F-A31A-D9ABD6ACCF19}"
	ProjectSection(ProjectDependencies) = postProject
		{65687949-3D84-485F-AB77-E8B6B0F7ADC0} = {65687949-3D84-485F-AB77-E8B6B0F7ADC0}
	EndProjectSection
EndProject
Global
	GlobalSection(SolutionConfigurationPlatforms) = preSolution
		Debug|x86 = Debug|x86
		Release|x86 = Release|x86
	EndGlobalSection
	GlobalSection(ProjectConfigurationPlatforms) = postSolution
		{65687949-3D84-485F-AB77-E8B6B0F7ADC0}.Debug|x86.ActiveCfg = Debug|Win32
		{65687949-3D84-485F-AB77-E8B6B0F7ADC0}.Debug|x86.Build.0 = Debug|Win32
		{65687949-3D84-485F-AB77-E8B6B0F7ADC0}.Release|x86.ActiveCfg = Release|Win32
		{65687949-3D84-485F-AB77-E8B6B0F7ADC0}.Release|x86.Build.0 = Release|Win32
		{6EC3F261-4985-4CEF-80B1-9F64EA24786D}.Debug|x86.ActiveCfg = Debug|Win32
		{6EC3F261-4985-4CEF-80B1-9F64EA24786D}.Debug|x86.Build.0 = Debug|Win32
		{6EC3F261-4985-4CEF-80B1-9F64EA24786D}.Release|x86.ActiveCfg = Release|Win32
		{6EC3F261-4985-4CEF-80B1-9F64EA24786D}.Release|x86.Build.0 = Release|Win32
		{14B9ACAF-C45A-4740-A1EA-6C333EA9D49D}.Debug|x86.ActiveCfg = Debug|Win32
		{14B9ACAF-C45A-4740-A1EA-6C333EA9D49D}.Debug|x86.Build.0 = Debug|Win32
		{14B9ACAF-C45A-4740-A1EA-6C333EA9D49D}.Release|x86.ActiveCfg = Release|Win32
		{14B9ACAF-C45A-4740-A1EA-6C333EA9D49D}.Release|x86.Build.0 = Release|Win32
		{B3B9AD1E-77CE-46CF-95C7-CDA6E5799308}.Debug|x86.ActiveCfg = Debug|Win32
		{B3B9AD1E-77CE-46CF-95C7-CDA6E5799308}.Debug|x86.Build.0 = Debug|Win32
		{B3B9AD1E-77CE-46CF-95C7-CDA6E5799308}.Release|x86.ActiveCfg = Release|Win32
		{B3B9AD1E-77CE-46CF-95C7-CDA6E5799308}.Release|x86.Build.0 = Release|Win32
		{8702A291-EB51-421F-A31A-D9ABD6ACCF19}.Debug|x86.ActiveCfg = Debug|Win32
		{8702A291-EB51-421F-A31A-D9ABD6ACCF19}.Debug|x86.Build.0 = Debug|Win32
		{8702A291-EB51-421F-A31A-D9ABD6ACCF19}.Release|x86.ActiveCfg = Release|Win32
		{8702A291-EB51-421F-A31A-D9ABD6ACCF19}.Release|x86.Build.0 = Release|Win32
	EndGlobalSection
	GlobalSection(SolutionProperties) = preSolution
		HideSolutionNode = FALSE
	EndGlobalSection
	GlobalSection(ExtensibilityGlobals) = postSolution
		SolutionGuid = {635D9694-7E4E-41BD-9C4A-4B852FA7706A}
	EndGlobalSection
EndGlobal
